// !$*UTF8*$!
{
	archiveVersion = 1;
	classes = {
	};
	objectVersion = 48;
	objects = {

/* Begin PBXAggregateTarget section */
		FAF578921FD30B5A00F91DD3 /* FatMGHttp */ = {
			isa = PBXAggregateTarget;
			buildConfigurationList = FAF578931FD30B5A00F91DD3 /* Build configuration list for PBXAggregateTarget "FatMGHttp" */;
			buildPhases = (
				FAF578961FD30B6200F91DD3 /* ShellScript */,
			);
			dependencies = (
			);
			name = FatMGHttp;
			productName = FatMGHttp;
		};
/* End PBXAggregateTarget section */

/* Begin PBXBuildFile section */
		FAF5788B1FD30AF200F91DD3 /* MGHTTP.m in Sources */ = {isa = PBXBuildFile; fileRef = FAF5788A1FD30AF200F91DD3 /* MGHTTP.m */; };
		FAF5788C1FD30AF200F91DD3 /* MGHTTP.h in CopyFiles */ = {isa = PBXBuildFile; fileRef = FAF578891FD30AF200F91DD3 /* MGHTTP.h */; };
		FAF578CB1FD32B8500F91DD3 /* MGHTTPTests.m in Sources */ = {isa = PBXBuildFile; fileRef = FAF578CA1FD32B8500F91DD3 /* MGHTTPTests.m */; };
		FAF578CD1FD32B8500F91DD3 /* libMGHTTP.a in Frameworks */ = {isa = PBXBuildFile; fileRef = FAF578861FD30AF200F91DD3 /* libMGHTTP.a */; };
		FAF578D51FD40D5800F91DD3 /* MGURLRequest.m in Sources */ = {isa = PBXBuildFile; fileRef = FAF578D41FD40D5800F91DD3 /* MGURLRequest.m */; };
		FAF578D61FD40D5800F91DD3 /* MGURLRequest.m in Sources */ = {isa = PBXBuildFile; fileRef = FAF578D41FD40D5800F91DD3 /* MGURLRequest.m */; };
		FAF578D91FD49E8800F91DD3 /* MGHTTP.m in Sources */ = {isa = PBXBuildFile; fileRef = FAF5788A1FD30AF200F91DD3 /* MGHTTP.m */; };
		FAF578EA1FD683D500F91DD3 /* NSDictionary+encoding.m in Sources */ = {isa = PBXBuildFile; fileRef = FAF578E91FD683D500F91DD3 /* NSDictionary+encoding.m */; };
		FAF578EB1FD683D500F91DD3 /* NSDictionary+encoding.m in Sources */ = {isa = PBXBuildFile; fileRef = FAF578E91FD683D500F91DD3 /* NSDictionary+encoding.m */; };
/* End PBXBuildFile section */

/* Begin PBXContainerItemProxy section */
		FAF578CE1FD32B8500F91DD3 /* PBXContainerItemProxy */ = {
			isa = PBXContainerItemProxy;
			containerPortal = FAF5787E1FD30AF200F91DD3 /* Project object */;
			proxyType = 1;
			remoteGlobalIDString = FAF578851FD30AF200F91DD3;
			remoteInfo = MGHTTP;
		};
/* End PBXContainerItemProxy section */

/* Begin PBXCopyFilesBuildPhase section */
		FAF578841FD30AF200F91DD3 /* CopyFiles */ = {
			isa = PBXCopyFilesBuildPhase;
			buildActionMask = 2147483647;
			dstPath = "include/$(PRODUCT_NAME)";
			dstSubfolderSpec = 16;
			files = (
				FAF5788C1FD30AF200F91DD3 /* MGHTTP.h in CopyFiles */,
			);
			runOnlyForDeploymentPostprocessing = 0;
		};
/* End PBXCopyFilesBuildPhase section */

/* Begin PBXFileReference section */
		FAF578861FD30AF200F91DD3 /* libMGHTTP.a */ = {isa = PBXFileReference; explicitFileType = archive.ar; includeInIndex = 0; path = libMGHTTP.a; sourceTree = BUILT_PRODUCTS_DIR; };
		FAF578891FD30AF200F91DD3 /* MGHTTP.h */ = {isa = PBXFileReference; lastKnownFileType = sourcecode.c.h; path = MGHTTP.h; sourceTree = "<group>"; };
		FAF5788A1FD30AF200F91DD3 /* MGHTTP.m */ = {isa = PBXFileReference; lastKnownFileType = sourcecode.c.objc; path = MGHTTP.m; sourceTree = "<group>"; };
		FAF578C81FD32B8500F91DD3 /* MGHTTPTests.xctest */ = {isa = PBXFileReference; explicitFileType = wrapper.cfbundle; includeInIndex = 0; path = MGHTTPTests.xctest; sourceTree = BUILT_PRODUCTS_DIR; };
		FAF578CA1FD32B8500F91DD3 /* MGHTTPTests.m */ = {isa = PBXFileReference; lastKnownFileType = sourcecode.c.objc; path = MGHTTPTests.m; sourceTree = "<group>"; };
		FAF578CC1FD32B8500F91DD3 /* Info.plist */ = {isa = PBXFileReference; lastKnownFileType = text.plist.xml; path = Info.plist; sourceTree = "<group>"; };
		FAF578D31FD40D5800F91DD3 /* MGURLRequest.h */ = {isa = PBXFileReference; lastKnownFileType = sourcecode.c.h; path = MGURLRequest.h; sourceTree = "<group>"; };
		FAF578D41FD40D5800F91DD3 /* MGURLRequest.m */ = {isa = PBXFileReference; lastKnownFileType = sourcecode.c.objc; path = MGURLRequest.m; sourceTree = "<group>"; };
		FAF578E81FD683D500F91DD3 /* NSDictionary+encoding.h */ = {isa = PBXFileReference; lastKnownFileType = sourcecode.c.h; path = "NSDictionary+encoding.h"; sourceTree = "<group>"; };
		FAF578E91FD683D500F91DD3 /* NSDictionary+encoding.m */ = {isa = PBXFileReference; lastKnownFileType = sourcecode.c.objc; path = "NSDictionary+encoding.m"; sourceTree = "<group>"; };
/* End PBXFileReference section */

/* Begin PBXFrameworksBuildPhase section */
		FAF578831FD30AF200F91DD3 /* Frameworks */ = {
			isa = PBXFrameworksBuildPhase;
			buildActionMask = 2147483647;
			files = (
			);
			runOnlyForDeploymentPostprocessing = 0;
		};
		FAF578C51FD32B8500F91DD3 /* Frameworks */ = {
			isa = PBXFrameworksBuildPhase;
			buildActionMask = 2147483647;
			files = (
				FAF578CD1FD32B8500F91DD3 /* libMGHTTP.a in Frameworks */,
			);
			runOnlyForDeploymentPostprocessing = 0;
		};
/* End PBXFrameworksBuildPhase section */

/* Begin PBXGroup section */
		FAF5787D1FD30AF200F91DD3 = {
			isa = PBXGroup;
			children = (
				FAF578881FD30AF200F91DD3 /* MGHTTP */,
				FAF578C91FD32B8500F91DD3 /* MGHTTPTests */,
				FAF578871FD30AF200F91DD3 /* Products */,
			);
			sourceTree = "<group>";
		};
		FAF578871FD30AF200F91DD3 /* Products */ = {
			isa = PBXGroup;
			children = (
				FAF578861FD30AF200F91DD3 /* libMGHTTP.a */,
				FAF578C81FD32B8500F91DD3 /* MGHTTPTests.xctest */,
			);
			name = Products;
			sourceTree = "<group>";
		};
		FAF578881FD30AF200F91DD3 /* MGHTTP */ = {
			isa = PBXGroup;
			children = (
				FAF578891FD30AF200F91DD3 /* MGHTTP.h */,
				FAF5788A1FD30AF200F91DD3 /* MGHTTP.m */,
				FAF578D31FD40D5800F91DD3 /* MGURLRequest.h */,
				FAF578D41FD40D5800F91DD3 /* MGURLRequest.m */,
				FAF578E81FD683D500F91DD3 /* NSDictionary+encoding.h */,
				FAF578E91FD683D500F91DD3 /* NSDictionary+encoding.m */,
			);
			path = MGHTTP;
			sourceTree = "<group>";
		};
		FAF578C91FD32B8500F91DD3 /* MGHTTPTests */ = {
			isa = PBXGroup;
			children = (
				FAF578CA1FD32B8500F91DD3 /* MGHTTPTests.m */,
				FAF578CC1FD32B8500F91DD3 /* Info.plist */,
			);
			path = MGHTTPTests;
			sourceTree = "<group>";
		};
/* End PBXGroup section */

/* Begin PBXNativeTarget section */
		FAF578851FD30AF200F91DD3 /* MGHTTP */ = {
			isa = PBXNativeTarget;
			buildConfigurationList = FAF5788F1FD30AF200F91DD3 /* Build configuration list for PBXNativeTarget "MGHTTP" */;
			buildPhases = (
				FAF578821FD30AF200F91DD3 /* Sources */,
				FAF578831FD30AF200F91DD3 /* Frameworks */,
				FAF578841FD30AF200F91DD3 /* CopyFiles */,
			);
			buildRules = (
			);
			dependencies = (
			);
			name = MGHTTP;
			productName = MGHTTP;
			productReference = FAF578861FD30AF200F91DD3 /* libMGHTTP.a */;
			productType = "com.apple.product-type.library.static";
		};
		FAF578C71FD32B8500F91DD3 /* MGHTTPTests */ = {
			isa = PBXNativeTarget;
			buildConfigurationList = FAF578D21FD32B8500F91DD3 /* Build configuration list for PBXNativeTarget "MGHTTPTests" */;
			buildPhases = (
				FAF578C41FD32B8500F91DD3 /* Sources */,
				FAF578C51FD32B8500F91DD3 /* Frameworks */,
				FAF578C61FD32B8500F91DD3 /* Resources */,
			);
			buildRules = (
			);
			dependencies = (
				FAF578CF1FD32B8500F91DD3 /* PBXTargetDependency */,
			);
			name = MGHTTPTests;
			productName = MGHTTPTests;
			productReference = FAF578C81FD32B8500F91DD3 /* MGHTTPTests.xctest */;
			productType = "com.apple.product-type.bundle.unit-test";
		};
/* End PBXNativeTarget section */

/* Begin PBXProject section */
		FAF5787E1FD30AF200F91DD3 /* Project object */ = {
			isa = PBXProject;
			attributes = {
				LastUpgradeCheck = 0910;
				ORGANIZATIONNAME = "Mohammed ElGohary";
				TargetAttributes = {
					FAF578851FD30AF200F91DD3 = {
						CreatedOnToolsVersion = 9.1;
						ProvisioningStyle = Automatic;
					};
					FAF578921FD30B5A00F91DD3 = {
						CreatedOnToolsVersion = 9.1;
						ProvisioningStyle = Automatic;
					};
					FAF578C71FD32B8500F91DD3 = {
						CreatedOnToolsVersion = 9.1;
						ProvisioningStyle = Automatic;
					};
				};
			};
			buildConfigurationList = FAF578811FD30AF200F91DD3 /* Build configuration list for PBXProject "MGHTTP" */;
			compatibilityVersion = "Xcode 8.0";
			developmentRegion = en;
			hasScannedForEncodings = 0;
			knownRegions = (
				en,
			);
			mainGroup = FAF5787D1FD30AF200F91DD3;
			productRefGroup = FAF578871FD30AF200F91DD3 /* Products */;
			projectDirPath = "";
			projectRoot = "";
			targets = (
				FAF578851FD30AF200F91DD3 /* MGHTTP */,
				FAF578921FD30B5A00F91DD3 /* FatMGHttp */,
				FAF578C71FD32B8500F91DD3 /* MGHTTPTests */,
			);
		};
/* End PBXProject section */

/* Begin PBXResourcesBuildPhase section */
		FAF578C61FD32B8500F91DD3 /* Resources */ = {
			isa = PBXResourcesBuildPhase;
			buildActionMask = 2147483647;
			files = (
			);
			runOnlyForDeploymentPostprocessing = 0;
		};
/* End PBXResourcesBuildPhase section */

/* Begin PBXShellScriptBuildPhase section */
		FAF578961FD30B6200F91DD3 /* ShellScript */ = {
			isa = PBXShellScriptBuildPhase;
			buildActionMask = 2147483647;
			files = (
			);
			inputPaths = (
			);
			outputPaths = (
			);
			runOnlyForDeploymentPostprocessing = 0;
			shellPath = /bin/sh;
			shellScript = "FAT_LIBRARY_PATH=${PROJECT_DIR}/build/${CONFIGURATION}-fatLib\nxcodebuild -target MGHTTP -configuration ${CONFIGURATION} -sdk iphonesimulator -arch i386 BUILD_DIR=\"${BUILD_DIR}\" BUILD_ROOT=\"${BUILD_ROOT}\"\nxcodebuild -target MGHTTP ONLY_ACTIVE_ARCH=NO -configuration ${CONFIGURATION} -sdk iphoneos BUILD_DIR=\"${BUILD_DIR}\" BUILD_ROOT=\"${BUILD_ROOT}\"\nmkdir -p \"${FAT_LIBRARY_PATH}\"\nlipo -create -output \"${FAT_LIBRARY_PATH}/lib${PROJECT_NAME}.a\" \"${BUILD_DIR}/${CONFIGURATION}-iphoneos/lib${PROJECT_NAME}.a\" \"${BUILD_DIR}/${CONFIGURATION}-iphonesimulator/lib${PROJECT_NAME}.a\"\ncp -R \"${BUILD_DIR}/${CONFIGURATION}-iphoneos/include\" \"${FAT_LIBRARY_PATH}/\"\n";
		};
/* End PBXShellScriptBuildPhase section */

/* Begin PBXSourcesBuildPhase section */
		FAF578821FD30AF200F91DD3 /* Sources */ = {
			isa = PBXSourcesBuildPhase;
			buildActionMask = 2147483647;
			files = (
				FAF5788B1FD30AF200F91DD3 /* MGHTTP.m in Sources */,
				FAF578D51FD40D5800F91DD3 /* MGURLRequest.m in Sources */,
				FAF578EA1FD683D500F91DD3 /* NSDictionary+encoding.m in Sources */,
			);
			runOnlyForDeploymentPostprocessing = 0;
		};
		FAF578C41FD32B8500F91DD3 /* Sources */ = {
			isa = PBXSourcesBuildPhase;
			buildActionMask = 2147483647;
			files = (
				FAF578D91FD49E8800F91DD3 /* MGHTTP.m in Sources */,
				FAF578CB1FD32B8500F91DD3 /* MGHTTPTests.m in Sources */,
				FAF578EB1FD683D500F91DD3 /* NSDictionary+encoding.m in Sources */,
				FAF578D61FD40D5800F91DD3 /* MGURLRequest.m in Sources */,
			);
			runOnlyForDeploymentPostprocessing = 0;
		};
/* End PBXSourcesBuildPhase section */

/* Begin PBXTargetDependency section */
		FAF578CF1FD32B8500F91DD3 /* PBXTargetDependency */ = {
			isa = PBXTargetDependency;
			target = FAF578851FD30AF200F91DD3 /* MGHTTP */;
			targetProxy = FAF578CE1FD32B8500F91DD3 /* PBXContainerItemProxy */;
		};
/* End PBXTargetDependency section */

/* Begin XCBuildConfiguration section */
		FAF5788D1FD30AF200F91DD3 /* Debug */ = {
			isa = XCBuildConfiguration;
			buildSettings = {
				ALWAYS_SEARCH_USER_PATHS = NO;
				CLANG_ANALYZER_NONNULL = YES;
				CLANG_ANALYZER_NUMBER_OBJECT_CONVERSION = YES_AGGRESSIVE;
				CLANG_CXX_LANGUAGE_STANDARD = "gnu++14";
				CLANG_CXX_LIBRARY = "libc++";
				CLANG_ENABLE_MODULES = YES;
				CLANG_ENABLE_OBJC_ARC = YES;
				CLANG_WARN_BLOCK_CAPTURE_AUTORELEASING = YES;
				CLANG_WARN_BOOL_CONVERSION = YES;
				CLANG_WARN_COMMA = YES;
				CLANG_WARN_CONSTANT_CONVERSION = YES;
				CLANG_WARN_DIRECT_OBJC_ISA_USAGE = YES_ERROR;
				CLANG_WARN_DOCUMENTATION_COMMENTS = YES;
				CLANG_WARN_EMPTY_BODY = YES;
				CLANG_WARN_ENUM_CONVERSION = YES;
				CLANG_WARN_INFINITE_RECURSION = YES;
				CLANG_WARN_INT_CONVERSION = YES;
				CLANG_WARN_NON_LITERAL_NULL_CONVERSION = YES;
				CLANG_WARN_OBJC_LITERAL_CONVERSION = YES;
				CLANG_WARN_OBJC_ROOT_CLASS = YES_ERROR;
				CLANG_WARN_RANGE_LOOP_ANALYSIS = YES;
				CLANG_WARN_STRICT_PROTOTYPES = YES;
				CLANG_WARN_SUSPICIOUS_MOVE = YES;
				CLANG_WARN_UNGUARDED_AVAILABILITY = YES_AGGRESSIVE;
				CLANG_WARN_UNREACHABLE_CODE = YES;
				CLANG_WARN__DUPLICATE_METHOD_MATCH = YES;
				CODE_SIGN_IDENTITY = "iPhone Developer";
				COPY_PHASE_STRIP = NO;
				DEBUG_INFORMATION_FORMAT = dwarf;
				ENABLE_STRICT_OBJC_MSGSEND = YES;
				ENABLE_TESTABILITY = YES;
				GCC_C_LANGUAGE_STANDARD = gnu11;
				GCC_DYNAMIC_NO_PIC = NO;
				GCC_NO_COMMON_BLOCKS = YES;
				GCC_OPTIMIZATION_LEVEL = 0;
				GCC_PREPROCESSOR_DEFINITIONS = (
					"DEBUG=1",
					"$(inherited)",
				);
				GCC_WARN_64_TO_32_BIT_CONVERSION = YES;
				GCC_WARN_ABOUT_RETURN_TYPE = YES_ERROR;
				GCC_WARN_UNDECLARED_SELECTOR = YES;
				GCC_WARN_UNINITIALIZED_AUTOS = YES_AGGRESSIVE;
				GCC_WARN_UNUSED_FUNCTION = YES;
				GCC_WARN_UNUSED_VARIABLE = YES;
				IPHONEOS_DEPLOYMENT_TARGET = 11.1;
				MTL_ENABLE_DEBUG_INFO = YES;
				ONLY_ACTIVE_ARCH = YES;
				SDKROOT = iphoneos;
			};
			name = Debug;
		};
		FAF5788E1FD30AF200F91DD3 /* Release */ = {
			isa = XCBuildConfiguration;
			buildSettings = {
				ALWAYS_SEARCH_USER_PATHS = NO;
				CLANG_ANALYZER_NONNULL = YES;
				CLANG_ANALYZER_NUMBER_OBJECT_CONVERSION = YES_AGGRESSIVE;
				CLANG_CXX_LANGUAGE_STANDARD = "gnu++14";
				CLANG_CXX_LIBRARY = "libc++";
				CLANG_ENABLE_MODULES = YES;
				CLANG_ENABLE_OBJC_ARC = YES;
				CLANG_WARN_BLOCK_CAPTURE_AUTORELEASING = YES;
				CLANG_WARN_BOOL_CONVERSION = YES;
				CLANG_WARN_COMMA = YES;
				CLANG_WARN_CONSTANT_CONVERSION = YES;
				CLANG_WARN_DIRECT_OBJC_ISA_USAGE = YES_ERROR;
				CLANG_WARN_DOCUMENTATION_COMMENTS = YES;
				CLANG_WARN_EMPTY_BODY = YES;
				CLANG_WARN_ENUM_CONVERSION = YES;
				CLANG_WARN_INFINITE_RECURSION = YES;
				CLANG_WARN_INT_CONVERSION = YES;
				CLANG_WARN_NON_LITERAL_NULL_CONVERSION = YES;
				CLANG_WARN_OBJC_LITERAL_CONVERSION = YES;
				CLANG_WARN_OBJC_ROOT_CLASS = YES_ERROR;
				CLANG_WARN_RANGE_LOOP_ANALYSIS = YES;
				CLANG_WARN_STRICT_PROTOTYPES = YES;
				CLANG_WARN_SUSPICIOUS_MOVE = YES;
				CLANG_WARN_UNGUARDED_AVAILABILITY = YES_AGGRESSIVE;
				CLANG_WARN_UNREACHABLE_CODE = YES;
				CLANG_WARN__DUPLICATE_METHOD_MATCH = YES;
				CODE_SIGN_IDENTITY = "iPhone Developer";
				COPY_PHASE_STRIP = NO;
				DEBUG_INFORMATION_FORMAT = "dwarf-with-dsym";
				ENABLE_NS_ASSERTIONS = NO;
				ENABLE_STRICT_OBJC_MSGSEND = YES;
				GCC_C_LANGUAGE_STANDARD = gnu11;
				GCC_NO_COMMON_BLOCKS = YES;
				GCC_WARN_64_TO_32_BIT_CONVERSION = YES;
				GCC_WARN_ABOUT_RETURN_TYPE = YES_ERROR;
				GCC_WARN_UNDECLARED_SELECTOR = YES;
				GCC_WARN_UNINITIALIZED_AUTOS = YES_AGGRESSIVE;
				GCC_WARN_UNUSED_FUNCTION = YES;
				GCC_WARN_UNUSED_VARIABLE = YES;
				IPHONEOS_DEPLOYMENT_TARGET = 11.1;
				MTL_ENABLE_DEBUG_INFO = NO;
				SDKROOT = iphoneos;
				VALIDATE_PRODUCT = YES;
			};
			name = Release;
		};
		FAF578901FD30AF200F91DD3 /* Debug */ = {
			isa = XCBuildConfiguration;
			buildSettings = {
				CODE_SIGN_STYLE = Automatic;
				DEVELOPMENT_TEAM = VJM7JRY6GL;
				OTHER_LDFLAGS = "-ObjC";
				PRODUCT_NAME = "$(TARGET_NAME)";
				SKIP_INSTALL = YES;
				TARGETED_DEVICE_FAMILY = "1,2";
			};
			name = Debug;
		};
		FAF578911FD30AF200F91DD3 /* Release */ = {
			isa = XCBuildConfiguration;
			buildSettings = {
				CODE_SIGN_STYLE = Automatic;
				DEVELOPMENT_TEAM = VJM7JRY6GL;
				OTHER_LDFLAGS = "-ObjC";
				PRODUCT_NAME = "$(TARGET_NAME)";
				SKIP_INSTALL = YES;
				TARGETED_DEVICE_FAMILY = "1,2";
			};
			name = Release;
		};
		FAF578941FD30B5A00F91DD3 /* Debug */ = {
			isa = XCBuildConfiguration;
			buildSettings = {
				CODE_SIGN_STYLE = Automatic;
				DEVELOPMENT_TEAM = VJM7JRY6GL;
				PRODUCT_NAME = "$(TARGET_NAME)";
			};
			name = Debug;
		};
		FAF578951FD30B5A00F91DD3 /* Release */ = {
			isa = XCBuildConfiguration;
			buildSettings = {
				CODE_SIGN_STYLE = Automatic;
				DEVELOPMENT_TEAM = VJM7JRY6GL;
				PRODUCT_NAME = "$(TARGET_NAME)";
			};
			name = Release;
		};
		FAF578D01FD32B8500F91DD3 /* Debug */ = {
			isa = XCBuildConfiguration;
			buildSettings = {
				CODE_SIGN_STYLE = Automatic;
				DEVELOPMENT_TEAM = VJM7JRY6GL;
				INFOPLIST_FILE = MGHTTPTests/Info.plist;
				LD_RUNPATH_SEARCH_PATHS = "$(inherited) @executable_path/Frameworks @loader_path/Frameworks";
				PRODUCT_BUNDLE_IDENTIFIER = com.gohary.MGHTTPTests;
				PRODUCT_NAME = "$(TARGET_NAME)";
				TARGETED_DEVICE_FAMILY = "1,2";
			};
			name = Debug;
		};
		FAF578D11FD32B8500F91DD3 /* Release */ = {
			isa = XCBuildConfiguration;
			buildSettings = {
				CODE_SIGN_STYLE = Automatic;
				DEVELOPMENT_TEAM = VJM7JRY6GL;
				INFOPLIST_FILE = MGHTTPTests/Info.plist;
				LD_RUNPATH_SEARCH_PATHS = "$(inherited) @executable_path/Frameworks @loader_path/Frameworks";
				PRODUCT_BUNDLE_IDENTIFIER = com.gohary.MGHTTPTests;
				PRODUCT_NAME = "$(TARGET_NAME)";
				TARGETED_DEVICE_FAMILY = "1,2";
			};
			name = Release;
		};
/* End XCBuildConfiguration section */

/* Begin XCConfigurationList section */
		FAF578811FD30AF200F91DD3 /* Build configuration list for PBXProject "MGHTTP" */ = {
			isa = XCConfigurationList;
			buildConfigurations = (
				FAF5788D1FD30AF200F91DD3 /* Debug */,
				FAF5788E1FD30AF200F91DD3 /* Release */,
			);
			defaultConfigurationIsVisible = 0;
			defaultConfigurationName = Release;
		};
		FAF5788F1FD30AF200F91DD3 /* Build configuration list for PBXNativeTarget "MGHTTP" */ = {
			isa = XCConfigurationList;
			buildConfigurations = (
				FAF578901FD30AF200F91DD3 /* Debug */,
				FAF578911FD30AF200F91DD3 /* Release */,
			);
			defaultConfigurationIsVisible = 0;
			defaultConfigurationName = Release;
		};
		FAF578931FD30B5A00F91DD3 /* Build configuration list for PBXAggregateTarget "FatMGHttp" */ = {
			isa = XCConfigurationList;
			buildConfigurations = (
				FAF578941FD30B5A00F91DD3 /* Debug */,
				FAF578951FD30B5A00F91DD3 /* Release */,
			);
			defaultConfigurationIsVisible = 0;
			defaultConfigurationName = Release;
		};
		FAF578D21FD32B8500F91DD3 /* Build configuration list for PBXNativeTarget "MGHTTPTests" */ = {
			isa = XCConfigurationList;
			buildConfigurations = (
				FAF578D01FD32B8500F91DD3 /* Debug */,
				FAF578D11FD32B8500F91DD3 /* Release */,
			);
			defaultConfigurationIsVisible = 0;
			defaultConfigurationName = Release;
		};
/* End XCConfigurationList section */
	};
	rootObject = FAF5787E1FD30AF200F91DD3 /* Project object */;
}
